
Microsoft Visual Studio Solution File, Format Version 12.00
# Visual Studio 15
VisualStudioVersion = 15.0.28307.757
MinimumVisualStudioVersion = 10.0.40219.1
Project("{FAE04EC0-301F-11D3-BF4B-00C04F79EFBC}") = "Threading_Control", "Threading_Control\Threading_Control.csproj", "{3D298C61-1054-43E2-9607-889A8BD47739}"
EndProject
Global
	GlobalSection(SolutionConfigurationPlatforms) = preSolution
		Debug|Any CPU = Debug|Any CPU
		Release|Any CPU = Release|Any CPU
	EndGlobalSection
	GlobalSection(ProjectConfigurationPlatforms) = postSolution
		{3D298C61-1054-43E2-9607-889A8BD47739}.Debug|Any CPU.ActiveCfg = Debug|Any CPU
		{3D298C61-1054-43E2-9607-889A8BD47739}.Debug|Any CPU.Build.0 = Debug|Any CPU
		{3D298C61-1054-43E2-9607-889A8BD47739}.Release|Any CPU.ActiveCfg = Release|Any CPU
		{3D298C61-1054-43E2-9607-889A8BD47739}.Release|Any CPU.Build.0 = Release|Any CPU
	EndGlobalSection
	GlobalSection(SolutionProperties) = preSolution
		HideSolutionNode = FALSE
	EndGlobalSection
	GlobalSection(ExtensibilityGlobals) = postSolution
		SolutionGuid = {8AB4D9E4-196C-4771-AF6E-7432C3873AB3}
	EndGlobalSection
EndGlobal
